
Microsoft Visual Studio Solution File, Format Version 12.00
# Visual Studio Version 16
VisualStudioVersion = 16.0.30011.22
MinimumVisualStudioVersion = 10.0.40219.1
Project("{FAE04EC0-301F-11D3-BF4B-00C04F79EFBC}") = "ImagePipelineBinding", "ImagePipelineBinding\ImagePipelineBinding.csproj", "{0000FB80-3934-47F0-BC7D-A45B7A2698B1}"
EndProject
Global
	GlobalSection(SolutionConfigurationPlatforms) = preSolution
		Debug|Any CPU = Debug|Any CPU
		Release|Any CPU = Release|Any CPU
	EndGlobalSection
	GlobalSection(ProjectConfigurationPlatforms) = postSolution
		{0000FB80-3934-47F0-BC7D-A45B7A2698B1}.Debug|Any CPU.ActiveCfg = Debug|Any CPU
		{0000FB80-3934-47F0-BC7D-A45B7A2698B1}.Debug|Any CPU.Build.0 = Debug|Any CPU
		{0000FB80-3934-47F0-BC7D-A45B7A2698B1}.Release|Any CPU.ActiveCfg = Release|Any CPU
		{0000FB80-3934-47F0-BC7D-A45B7A2698B1}.Release|Any CPU.Build.0 = Release|Any CPU
	EndGlobalSection
	GlobalSection(SolutionProperties) = preSolution
		HideSolutionNode = FALSE
	EndGlobalSection
	GlobalSection(ExtensibilityGlobals) = postSolution
		SolutionGuid = {5B25293E-E246-4015-BF2A-61992399FEFA}
	EndGlobalSection
EndGlobal
