
Microsoft Visual Studio Solution File, Format Version 12.00
# Visual Studio Version 16
VisualStudioVersion = 16.0.30114.105
MinimumVisualStudioVersion = 10.0.40219.1
Project("{FAE04EC0-301F-11D3-BF4B-00C04F79EFBC}") = "RnBinding", "RnBinding\RnBinding.csproj", "{0D82DE1C-C749-489C-886B-95ECB236FFAA}"
EndProject
Global
	GlobalSection(SolutionConfigurationPlatforms) = preSolution
		Debug|Any CPU = Debug|Any CPU
		Release|Any CPU = Release|Any CPU
	EndGlobalSection
	GlobalSection(ProjectConfigurationPlatforms) = postSolution
		{0D82DE1C-C749-489C-886B-95ECB236FFAA}.Debug|Any CPU.ActiveCfg = Debug|Any CPU
		{0D82DE1C-C749-489C-886B-95ECB236FFAA}.Debug|Any CPU.Build.0 = Debug|Any CPU
		{0D82DE1C-C749-489C-886B-95ECB236FFAA}.Release|Any CPU.ActiveCfg = Release|Any CPU
		{0D82DE1C-C749-489C-886B-95ECB236FFAA}.Release|Any CPU.Build.0 = Release|Any CPU
	EndGlobalSection
	GlobalSection(SolutionProperties) = preSolution
		HideSolutionNode = FALSE
	EndGlobalSection
	GlobalSection(ExtensibilityGlobals) = postSolution
		SolutionGuid = {F343754F-CA1A-4FCB-80FB-3C37E79D0383}
	EndGlobalSection
EndGlobal
