
Microsoft Visual Studio Solution File, Format Version 12.00
# Visual Studio Version 16
VisualStudioVersion = 16.0.29926.136
MinimumVisualStudioVersion = 10.0.40219.1
Project("{FAE04EC0-301F-11D3-BF4B-00C04F79EFBC}") = "ApiClientBinding", "ApiClientBinding\ApiClientBinding.csproj", "{11A05F9A-903E-4528-A8EC-8EF7D91D6716}"
EndProject
Global
	GlobalSection(SolutionConfigurationPlatforms) = preSolution
		Debug|Any CPU = Debug|Any CPU
		Release|Any CPU = Release|Any CPU
	EndGlobalSection
	GlobalSection(ProjectConfigurationPlatforms) = postSolution
		{11A05F9A-903E-4528-A8EC-8EF7D91D6716}.Debug|Any CPU.ActiveCfg = Debug|Any CPU
		{11A05F9A-903E-4528-A8EC-8EF7D91D6716}.Debug|Any CPU.Build.0 = Debug|Any CPU
		{11A05F9A-903E-4528-A8EC-8EF7D91D6716}.Release|Any CPU.ActiveCfg = Release|Any CPU
		{11A05F9A-903E-4528-A8EC-8EF7D91D6716}.Release|Any CPU.Build.0 = Release|Any CPU
	EndGlobalSection
	GlobalSection(SolutionProperties) = preSolution
		HideSolutionNode = FALSE
	EndGlobalSection
	GlobalSection(ExtensibilityGlobals) = postSolution
		SolutionGuid = {B5DC8AD2-D11C-4530-91EA-C9FD2CF8E89F}
	EndGlobalSection
EndGlobal
