
Microsoft Visual Studio Solution File, Format Version 12.00
# Visual Studio Version 16
VisualStudioVersion = 16.0.30011.22
MinimumVisualStudioVersion = 10.0.40219.1
Project("{FAE04EC0-301F-11D3-BF4B-00C04F79EFBC}") = "OkHttpBinding", "OkHttpBinding\OkHttpBinding.csproj", "{191F4127-058C-4E6D-B4E1-C160F606258E}"
EndProject
Global
	GlobalSection(SolutionConfigurationPlatforms) = preSolution
		Debug|Any CPU = Debug|Any CPU
		Release|Any CPU = Release|Any CPU
	EndGlobalSection
	GlobalSection(ProjectConfigurationPlatforms) = postSolution
		{191F4127-058C-4E6D-B4E1-C160F606258E}.Debug|Any CPU.ActiveCfg = Debug|Any CPU
		{191F4127-058C-4E6D-B4E1-C160F606258E}.Debug|Any CPU.Build.0 = Debug|Any CPU
		{191F4127-058C-4E6D-B4E1-C160F606258E}.Release|Any CPU.ActiveCfg = Release|Any CPU
		{191F4127-058C-4E6D-B4E1-C160F606258E}.Release|Any CPU.Build.0 = Release|Any CPU
	EndGlobalSection
	GlobalSection(SolutionProperties) = preSolution
		HideSolutionNode = FALSE
	EndGlobalSection
	GlobalSection(ExtensibilityGlobals) = postSolution
		SolutionGuid = {6368B740-0C92-4087-B738-B12B068EDE78}
	EndGlobalSection
EndGlobal
