
Microsoft Visual Studio Solution File, Format Version 12.00
# Visual Studio Version 16
VisualStudioVersion = 16.0.30011.22
MinimumVisualStudioVersion = 10.0.40219.1
Project("{FAE04EC0-301F-11D3-BF4B-00C04F79EFBC}") = "FrescoBinding", "FrescoBinding\FrescoBinding.csproj", "{5500558B-9B47-476B-9AC2-882FFA4EE9DE}"
EndProject
Global
	GlobalSection(SolutionConfigurationPlatforms) = preSolution
		Debug|Any CPU = Debug|Any CPU
		Release|Any CPU = Release|Any CPU
	EndGlobalSection
	GlobalSection(ProjectConfigurationPlatforms) = postSolution
		{5500558B-9B47-476B-9AC2-882FFA4EE9DE}.Debug|Any CPU.ActiveCfg = Debug|Any CPU
		{5500558B-9B47-476B-9AC2-882FFA4EE9DE}.Debug|Any CPU.Build.0 = Debug|Any CPU
		{5500558B-9B47-476B-9AC2-882FFA4EE9DE}.Release|Any CPU.ActiveCfg = Release|Any CPU
		{5500558B-9B47-476B-9AC2-882FFA4EE9DE}.Release|Any CPU.Build.0 = Release|Any CPU
	EndGlobalSection
	GlobalSection(SolutionProperties) = preSolution
		HideSolutionNode = FALSE
	EndGlobalSection
	GlobalSection(ExtensibilityGlobals) = postSolution
		SolutionGuid = {D8E4547B-1B6F-4D8A-83FB-DA2B6AD7554A}
	EndGlobalSection
EndGlobal
