
Microsoft Visual Studio Solution File, Format Version 12.00
# Visual Studio Version 16
VisualStudioVersion = 16.0.30011.22
MinimumVisualStudioVersion = 10.0.40219.1
Project("{FAE04EC0-301F-11D3-BF4B-00C04F79EFBC}") = "ImagepipelineBaseBinding", "ImagepipelineBaseBinding\ImagepipelineBaseBinding.csproj", "{EBE93607-99AF-44A4-9AC2-041C3D7244E9}"
EndProject
Global
	GlobalSection(SolutionConfigurationPlatforms) = preSolution
		Debug|Any CPU = Debug|Any CPU
		Release|Any CPU = Release|Any CPU
	EndGlobalSection
	GlobalSection(ProjectConfigurationPlatforms) = postSolution
		{EBE93607-99AF-44A4-9AC2-041C3D7244E9}.Debug|Any CPU.ActiveCfg = Debug|Any CPU
		{EBE93607-99AF-44A4-9AC2-041C3D7244E9}.Debug|Any CPU.Build.0 = Debug|Any CPU
		{EBE93607-99AF-44A4-9AC2-041C3D7244E9}.Release|Any CPU.ActiveCfg = Release|Any CPU
		{EBE93607-99AF-44A4-9AC2-041C3D7244E9}.Release|Any CPU.Build.0 = Release|Any CPU
	EndGlobalSection
	GlobalSection(SolutionProperties) = preSolution
		HideSolutionNode = FALSE
	EndGlobalSection
	GlobalSection(ExtensibilityGlobals) = postSolution
		SolutionGuid = {BE7FD876-6C90-4C69-A3A6-A3AF5559E2FC}
	EndGlobalSection
EndGlobal
