
Microsoft Visual Studio Solution File, Format Version 12.00
# Visual Studio Version 16
VisualStudioVersion = 16.0.30114.105
MinimumVisualStudioVersion = 10.0.40219.1
Project("{FAE04EC0-301F-11D3-BF4B-00C04F79EFBC}") = "AlicloudAndroidThirdPushBinding", "AlicloudAndroidThirdPushBinding\AlicloudAndroidThirdPushBinding.csproj", "{91F64166-DAD0-4962-9D8B-03745C278799}"
EndProject
Global
	GlobalSection(SolutionConfigurationPlatforms) = preSolution
		Debug|Any CPU = Debug|Any CPU
		Release|Any CPU = Release|Any CPU
	EndGlobalSection
	GlobalSection(ProjectConfigurationPlatforms) = postSolution
		{91F64166-DAD0-4962-9D8B-03745C278799}.Debug|Any CPU.ActiveCfg = Debug|Any CPU
		{91F64166-DAD0-4962-9D8B-03745C278799}.Debug|Any CPU.Build.0 = Debug|Any CPU
		{91F64166-DAD0-4962-9D8B-03745C278799}.Release|Any CPU.ActiveCfg = Release|Any CPU
		{91F64166-DAD0-4962-9D8B-03745C278799}.Release|Any CPU.Build.0 = Release|Any CPU
	EndGlobalSection
	GlobalSection(SolutionProperties) = preSolution
		HideSolutionNode = FALSE
	EndGlobalSection
	GlobalSection(ExtensibilityGlobals) = postSolution
		SolutionGuid = {4DC051A1-86BE-430C-85F8-4FC7BD314B1A}
	EndGlobalSection
EndGlobal
