
Microsoft Visual Studio Solution File, Format Version 12.00
# Visual Studio Version 16
VisualStudioVersion = 16.0.30011.22
MinimumVisualStudioVersion = 10.0.40219.1
Project("{FAE04EC0-301F-11D3-BF4B-00C04F79EFBC}") = "Jsr305Binding", "Jsr305Binding\Jsr305Binding.csproj", "{22523177-7F37-428B-9580-00BC84FACB82}"
EndProject
Global
	GlobalSection(SolutionConfigurationPlatforms) = preSolution
		Debug|Any CPU = Debug|Any CPU
		Release|Any CPU = Release|Any CPU
	EndGlobalSection
	GlobalSection(ProjectConfigurationPlatforms) = postSolution
		{22523177-7F37-428B-9580-00BC84FACB82}.Debug|Any CPU.ActiveCfg = Debug|Any CPU
		{22523177-7F37-428B-9580-00BC84FACB82}.Debug|Any CPU.Build.0 = Debug|Any CPU
		{22523177-7F37-428B-9580-00BC84FACB82}.Release|Any CPU.ActiveCfg = Release|Any CPU
		{22523177-7F37-428B-9580-00BC84FACB82}.Release|Any CPU.Build.0 = Release|Any CPU
	EndGlobalSection
	GlobalSection(SolutionProperties) = preSolution
		HideSolutionNode = FALSE
	EndGlobalSection
	GlobalSection(ExtensibilityGlobals) = postSolution
		SolutionGuid = {C03F57B5-6390-4C79-9250-2428818D1A13}
	EndGlobalSection
EndGlobal
