
Microsoft Visual Studio Solution File, Format Version 12.00
# Visual Studio Version 16
VisualStudioVersion = 16.0.30114.105
MinimumVisualStudioVersion = 10.0.40219.1
Project("{FAE04EC0-301F-11D3-BF4B-00C04F79EFBC}") = "BreezeBizBinding", "BreezeBizBinding\BreezeBizBinding.csproj", "{4C536BF7-85DF-4A75-8BEB-70DEF49F13D5}"
EndProject
Global
	GlobalSection(SolutionConfigurationPlatforms) = preSolution
		Debug|Any CPU = Debug|Any CPU
		Release|Any CPU = Release|Any CPU
	EndGlobalSection
	GlobalSection(ProjectConfigurationPlatforms) = postSolution
		{4C536BF7-85DF-4A75-8BEB-70DEF49F13D5}.Debug|Any CPU.ActiveCfg = Debug|Any CPU
		{4C536BF7-85DF-4A75-8BEB-70DEF49F13D5}.Debug|Any CPU.Build.0 = Debug|Any CPU
		{4C536BF7-85DF-4A75-8BEB-70DEF49F13D5}.Release|Any CPU.ActiveCfg = Release|Any CPU
		{4C536BF7-85DF-4A75-8BEB-70DEF49F13D5}.Release|Any CPU.Build.0 = Release|Any CPU
	EndGlobalSection
	GlobalSection(SolutionProperties) = preSolution
		HideSolutionNode = FALSE
	EndGlobalSection
	GlobalSection(ExtensibilityGlobals) = postSolution
		SolutionGuid = {A1DC9A64-6A5C-4E37-9B9E-B2E465D442E5}
	EndGlobalSection
EndGlobal
