
Microsoft Visual Studio Solution File, Format Version 12.00
# Visual Studio Version 16
VisualStudioVersion = 16.0.30011.22
MinimumVisualStudioVersion = 10.0.40219.1
Project("{FAE04EC0-301F-11D3-BF4B-00C04F79EFBC}") = "OkHttpBinding", "OkHttpBinding\OkHttpBinding.csproj", "{3F8842E2-A007-402D-B270-9A3648DF4CBE}"
EndProject
Global
	GlobalSection(SolutionConfigurationPlatforms) = preSolution
		Debug|Any CPU = Debug|Any CPU
		Release|Any CPU = Release|Any CPU
	EndGlobalSection
	GlobalSection(ProjectConfigurationPlatforms) = postSolution
		{3F8842E2-A007-402D-B270-9A3648DF4CBE}.Debug|Any CPU.ActiveCfg = Debug|Any CPU
		{3F8842E2-A007-402D-B270-9A3648DF4CBE}.Debug|Any CPU.Build.0 = Debug|Any CPU
		{3F8842E2-A007-402D-B270-9A3648DF4CBE}.Release|Any CPU.ActiveCfg = Release|Any CPU
		{3F8842E2-A007-402D-B270-9A3648DF4CBE}.Release|Any CPU.Build.0 = Release|Any CPU
	EndGlobalSection
	GlobalSection(SolutionProperties) = preSolution
		HideSolutionNode = FALSE
	EndGlobalSection
	GlobalSection(ExtensibilityGlobals) = postSolution
		SolutionGuid = {B174CEB0-52A7-49FE-A6F5-A640CEEA6B1F}
	EndGlobalSection
EndGlobal
