
Microsoft Visual Studio Solution File, Format Version 12.00
# Visual Studio Version 16
VisualStudioVersion = 16.0.30114.105
MinimumVisualStudioVersion = 10.0.40219.1
Project("{FAE04EC0-301F-11D3-BF4B-00C04F79EFBC}") = "Tnet4androidBinding", "Tnet4androidBinding\Tnet4androidBinding.csproj", "{76BCF55E-18E3-4E6B-B9C1-33694B2E9EF6}"
EndProject
Global
	GlobalSection(SolutionConfigurationPlatforms) = preSolution
		Debug|Any CPU = Debug|Any CPU
		Release|Any CPU = Release|Any CPU
	EndGlobalSection
	GlobalSection(ProjectConfigurationPlatforms) = postSolution
		{76BCF55E-18E3-4E6B-B9C1-33694B2E9EF6}.Debug|Any CPU.ActiveCfg = Debug|Any CPU
		{76BCF55E-18E3-4E6B-B9C1-33694B2E9EF6}.Debug|Any CPU.Build.0 = Debug|Any CPU
		{76BCF55E-18E3-4E6B-B9C1-33694B2E9EF6}.Release|Any CPU.ActiveCfg = Release|Any CPU
		{76BCF55E-18E3-4E6B-B9C1-33694B2E9EF6}.Release|Any CPU.Build.0 = Release|Any CPU
	EndGlobalSection
	GlobalSection(SolutionProperties) = preSolution
		HideSolutionNode = FALSE
	EndGlobalSection
	GlobalSection(ExtensibilityGlobals) = postSolution
		SolutionGuid = {B503E97C-8E23-430D-B7B9-AEBB38B6933D}
	EndGlobalSection
EndGlobal
