
Microsoft Visual Studio Solution File, Format Version 12.00
# Visual Studio Version 16
VisualStudioVersion = 16.0.30011.22
MinimumVisualStudioVersion = 10.0.40219.1
Project("{FAE04EC0-301F-11D3-BF4B-00C04F79EFBC}") = "FbCoreBinding", "FbCoreBinding\FbCoreBinding.csproj", "{CD088461-3497-4A3E-9C06-4C89967ED3CE}"
EndProject
Global
	GlobalSection(SolutionConfigurationPlatforms) = preSolution
		Debug|Any CPU = Debug|Any CPU
		Release|Any CPU = Release|Any CPU
	EndGlobalSection
	GlobalSection(ProjectConfigurationPlatforms) = postSolution
		{CD088461-3497-4A3E-9C06-4C89967ED3CE}.Debug|Any CPU.ActiveCfg = Debug|Any CPU
		{CD088461-3497-4A3E-9C06-4C89967ED3CE}.Debug|Any CPU.Build.0 = Debug|Any CPU
		{CD088461-3497-4A3E-9C06-4C89967ED3CE}.Release|Any CPU.ActiveCfg = Release|Any CPU
		{CD088461-3497-4A3E-9C06-4C89967ED3CE}.Release|Any CPU.Build.0 = Release|Any CPU
	EndGlobalSection
	GlobalSection(SolutionProperties) = preSolution
		HideSolutionNode = FALSE
	EndGlobalSection
	GlobalSection(ExtensibilityGlobals) = postSolution
		SolutionGuid = {F8BA909C-C696-4ECA-850C-BC01652CA3ED}
	EndGlobalSection
EndGlobal
