
Microsoft Visual Studio Solution File, Format Version 12.00
# Visual Studio Version 16
VisualStudioVersion = 16.0.30114.105
MinimumVisualStudioVersion = 10.0.40219.1
Project("{FAE04EC0-301F-11D3-BF4B-00C04F79EFBC}") = "HuaweiPushBaseBinding", "HuaweiPushBaseBinding\HuaweiPushBaseBinding.csproj", "{37D99A2A-09FA-490B-A4A4-1C22274E9595}"
EndProject
Global
	GlobalSection(SolutionConfigurationPlatforms) = preSolution
		Debug|Any CPU = Debug|Any CPU
		Release|Any CPU = Release|Any CPU
	EndGlobalSection
	GlobalSection(ProjectConfigurationPlatforms) = postSolution
		{37D99A2A-09FA-490B-A4A4-1C22274E9595}.Debug|Any CPU.ActiveCfg = Debug|Any CPU
		{37D99A2A-09FA-490B-A4A4-1C22274E9595}.Debug|Any CPU.Build.0 = Debug|Any CPU
		{37D99A2A-09FA-490B-A4A4-1C22274E9595}.Release|Any CPU.ActiveCfg = Release|Any CPU
		{37D99A2A-09FA-490B-A4A4-1C22274E9595}.Release|Any CPU.Build.0 = Release|Any CPU
	EndGlobalSection
	GlobalSection(SolutionProperties) = preSolution
		HideSolutionNode = FALSE
	EndGlobalSection
	GlobalSection(ExtensibilityGlobals) = postSolution
		SolutionGuid = {742ED2D3-491D-411D-A580-7E7805EE5765}
	EndGlobalSection
EndGlobal
