
Microsoft Visual Studio Solution File, Format Version 12.00
# Visual Studio Version 16
VisualStudioVersion = 16.0.30114.105
MinimumVisualStudioVersion = 10.0.40219.1
Project("{FAE04EC0-301F-11D3-BF4B-00C04F79EFBC}") = "PushBinding", "PushBinding\PushBinding.csproj", "{4648736C-54AC-42A7-9797-AFF095128EF0}"
EndProject
Global
	GlobalSection(SolutionConfigurationPlatforms) = preSolution
		Debug|Any CPU = Debug|Any CPU
		Release|Any CPU = Release|Any CPU
	EndGlobalSection
	GlobalSection(ProjectConfigurationPlatforms) = postSolution
		{4648736C-54AC-42A7-9797-AFF095128EF0}.Debug|Any CPU.ActiveCfg = Debug|Any CPU
		{4648736C-54AC-42A7-9797-AFF095128EF0}.Debug|Any CPU.Build.0 = Debug|Any CPU
		{4648736C-54AC-42A7-9797-AFF095128EF0}.Release|Any CPU.ActiveCfg = Release|Any CPU
		{4648736C-54AC-42A7-9797-AFF095128EF0}.Release|Any CPU.Build.0 = Release|Any CPU
	EndGlobalSection
	GlobalSection(SolutionProperties) = preSolution
		HideSolutionNode = FALSE
	EndGlobalSection
	GlobalSection(ExtensibilityGlobals) = postSolution
		SolutionGuid = {44A282AE-3251-4CB4-9179-6D0F9DE3EE6C}
	EndGlobalSection
EndGlobal
