
Microsoft Visual Studio Solution File, Format Version 12.00
# Visual Studio Version 16
VisualStudioVersion = 16.0.30011.22
MinimumVisualStudioVersion = 10.0.40219.1
Project("{FAE04EC0-301F-11D3-BF4B-00C04F79EFBC}") = "InferAnnotationBinding", "InferAnnotationBinding\InferAnnotationBinding.csproj", "{456FB36D-B27C-43CB-90E4-5E19796F101E}"
EndProject
Global
	GlobalSection(SolutionConfigurationPlatforms) = preSolution
		Debug|Any CPU = Debug|Any CPU
		Release|Any CPU = Release|Any CPU
	EndGlobalSection
	GlobalSection(ProjectConfigurationPlatforms) = postSolution
		{456FB36D-B27C-43CB-90E4-5E19796F101E}.Debug|Any CPU.ActiveCfg = Debug|Any CPU
		{456FB36D-B27C-43CB-90E4-5E19796F101E}.Debug|Any CPU.Build.0 = Debug|Any CPU
		{456FB36D-B27C-43CB-90E4-5E19796F101E}.Release|Any CPU.ActiveCfg = Release|Any CPU
		{456FB36D-B27C-43CB-90E4-5E19796F101E}.Release|Any CPU.Build.0 = Release|Any CPU
	EndGlobalSection
	GlobalSection(SolutionProperties) = preSolution
		HideSolutionNode = FALSE
	EndGlobalSection
	GlobalSection(ExtensibilityGlobals) = postSolution
		SolutionGuid = {A24C8AE8-24DD-4FDD-A410-52F51E2BAEE8}
	EndGlobalSection
EndGlobal
