
Microsoft Visual Studio Solution File, Format Version 12.00
# Visual Studio Version 16
VisualStudioVersion = 16.0.30011.22
MinimumVisualStudioVersion = 10.0.40219.1
Project("{FAE04EC0-301F-11D3-BF4B-00C04F79EFBC}") = "OkHttpBinding", "OkHttpBinding\OkHttpBinding.csproj", "{AB529482-7119-4690-8DA2-5187F0B1CA6D}"
EndProject
Global
	GlobalSection(SolutionConfigurationPlatforms) = preSolution
		Debug|Any CPU = Debug|Any CPU
		Release|Any CPU = Release|Any CPU
	EndGlobalSection
	GlobalSection(ProjectConfigurationPlatforms) = postSolution
		{AB529482-7119-4690-8DA2-5187F0B1CA6D}.Debug|Any CPU.ActiveCfg = Debug|Any CPU
		{AB529482-7119-4690-8DA2-5187F0B1CA6D}.Debug|Any CPU.Build.0 = Debug|Any CPU
		{AB529482-7119-4690-8DA2-5187F0B1CA6D}.Release|Any CPU.ActiveCfg = Release|Any CPU
		{AB529482-7119-4690-8DA2-5187F0B1CA6D}.Release|Any CPU.Build.0 = Release|Any CPU
	EndGlobalSection
	GlobalSection(SolutionProperties) = preSolution
		HideSolutionNode = FALSE
	EndGlobalSection
	GlobalSection(ExtensibilityGlobals) = postSolution
		SolutionGuid = {36B5C436-A48E-4692-BA41-8FD08B13135F}
	EndGlobalSection
EndGlobal
