
Microsoft Visual Studio Solution File, Format Version 12.00
# Visual Studio Version 16
VisualStudioVersion = 16.0.30001.183
MinimumVisualStudioVersion = 10.0.40219.1
Project("{FAE04EC0-301F-11D3-BF4B-00C04F79EFBC}") = "ThreadPoolBinding", "ThreadPoolBinding\ThreadPoolBinding.csproj", "{4D79918E-EF33-4032-8E8A-0B18CE7FAFD5}"
EndProject
Global
	GlobalSection(SolutionConfigurationPlatforms) = preSolution
		Debug|Any CPU = Debug|Any CPU
		Release|Any CPU = Release|Any CPU
	EndGlobalSection
	GlobalSection(ProjectConfigurationPlatforms) = postSolution
		{4D79918E-EF33-4032-8E8A-0B18CE7FAFD5}.Debug|Any CPU.ActiveCfg = Debug|Any CPU
		{4D79918E-EF33-4032-8E8A-0B18CE7FAFD5}.Debug|Any CPU.Build.0 = Debug|Any CPU
		{4D79918E-EF33-4032-8E8A-0B18CE7FAFD5}.Release|Any CPU.ActiveCfg = Release|Any CPU
		{4D79918E-EF33-4032-8E8A-0B18CE7FAFD5}.Release|Any CPU.Build.0 = Release|Any CPU
	EndGlobalSection
	GlobalSection(SolutionProperties) = preSolution
		HideSolutionNode = FALSE
	EndGlobalSection
	GlobalSection(ExtensibilityGlobals) = postSolution
		SolutionGuid = {077E3FA5-04F8-47EE-8CAC-63D7677A925F}
	EndGlobalSection
EndGlobal
