
Microsoft Visual Studio Solution File, Format Version 12.00
# Visual Studio Version 16
VisualStudioVersion = 16.0.30011.22
MinimumVisualStudioVersion = 10.0.40219.1
Project("{FAE04EC0-301F-11D3-BF4B-00C04F79EFBC}") = "OkHttpBinding", "OkHttpBinding\OkHttpBinding.csproj", "{B02647AA-83E2-4E39-8216-8564445B27AF}"
EndProject
Global
	GlobalSection(SolutionConfigurationPlatforms) = preSolution
		Debug|Any CPU = Debug|Any CPU
		Release|Any CPU = Release|Any CPU
	EndGlobalSection
	GlobalSection(ProjectConfigurationPlatforms) = postSolution
		{B02647AA-83E2-4E39-8216-8564445B27AF}.Debug|Any CPU.ActiveCfg = Debug|Any CPU
		{B02647AA-83E2-4E39-8216-8564445B27AF}.Debug|Any CPU.Build.0 = Debug|Any CPU
		{B02647AA-83E2-4E39-8216-8564445B27AF}.Release|Any CPU.ActiveCfg = Release|Any CPU
		{B02647AA-83E2-4E39-8216-8564445B27AF}.Release|Any CPU.Build.0 = Release|Any CPU
	EndGlobalSection
	GlobalSection(SolutionProperties) = preSolution
		HideSolutionNode = FALSE
	EndGlobalSection
	GlobalSection(ExtensibilityGlobals) = postSolution
		SolutionGuid = {51EF8183-D4CD-485E-8D5E-FF9875AC3881}
	EndGlobalSection
EndGlobal
