
Microsoft Visual Studio Solution File, Format Version 12.00
# Visual Studio Version 16
VisualStudioVersion = 16.0.30104.148
MinimumVisualStudioVersion = 10.0.40219.1
Project("{FAE04EC0-301F-11D3-BF4B-00C04F79EFBC}") = "RhinoBinding", "RhinoBinding\RhinoBinding.csproj", "{48CC9FF2-B2AE-4E0F-9C28-3AC1CB9A1D90}"
EndProject
Global
	GlobalSection(SolutionConfigurationPlatforms) = preSolution
		Debug|Any CPU = Debug|Any CPU
		Release|Any CPU = Release|Any CPU
	EndGlobalSection
	GlobalSection(ProjectConfigurationPlatforms) = postSolution
		{48CC9FF2-B2AE-4E0F-9C28-3AC1CB9A1D90}.Debug|Any CPU.ActiveCfg = Debug|Any CPU
		{48CC9FF2-B2AE-4E0F-9C28-3AC1CB9A1D90}.Debug|Any CPU.Build.0 = Debug|Any CPU
		{48CC9FF2-B2AE-4E0F-9C28-3AC1CB9A1D90}.Release|Any CPU.ActiveCfg = Release|Any CPU
		{48CC9FF2-B2AE-4E0F-9C28-3AC1CB9A1D90}.Release|Any CPU.Build.0 = Release|Any CPU
	EndGlobalSection
	GlobalSection(SolutionProperties) = preSolution
		HideSolutionNode = FALSE
	EndGlobalSection
	GlobalSection(ExtensibilityGlobals) = postSolution
		SolutionGuid = {66620F61-839B-4CD3-923C-0093F4739A7A}
	EndGlobalSection
EndGlobal
