
Microsoft Visual Studio Solution File, Format Version 12.00
# Visual Studio Version 16
VisualStudioVersion = 16.0.30114.105
MinimumVisualStudioVersion = 10.0.40219.1
Project("{FAE04EC0-301F-11D3-BF4B-00C04F79EFBC}") = "OpenaccountCoreBinding", "OpenaccountCoreBinding\OpenaccountCoreBinding.csproj", "{40E78354-F1FE-4755-8C2E-5744D058C7EF}"
EndProject
Global
	GlobalSection(SolutionConfigurationPlatforms) = preSolution
		Debug|Any CPU = Debug|Any CPU
		Release|Any CPU = Release|Any CPU
	EndGlobalSection
	GlobalSection(ProjectConfigurationPlatforms) = postSolution
		{40E78354-F1FE-4755-8C2E-5744D058C7EF}.Debug|Any CPU.ActiveCfg = Debug|Any CPU
		{40E78354-F1FE-4755-8C2E-5744D058C7EF}.Debug|Any CPU.Build.0 = Debug|Any CPU
		{40E78354-F1FE-4755-8C2E-5744D058C7EF}.Release|Any CPU.ActiveCfg = Release|Any CPU
		{40E78354-F1FE-4755-8C2E-5744D058C7EF}.Release|Any CPU.Build.0 = Release|Any CPU
	EndGlobalSection
	GlobalSection(SolutionProperties) = preSolution
		HideSolutionNode = FALSE
	EndGlobalSection
	GlobalSection(ExtensibilityGlobals) = postSolution
		SolutionGuid = {20ADCC26-10C8-460E-8318-F647768786E1}
	EndGlobalSection
EndGlobal
