
Microsoft Visual Studio Solution File, Format Version 12.00
# Visual Studio Version 16
VisualStudioVersion = 16.0.30105.148
MinimumVisualStudioVersion = 10.0.40219.1
Project("{FAE04EC0-301F-11D3-BF4B-00C04F79EFBC}") = "CoapSdkBinding", "CoapSdkBinding.csproj", "{1AF04AEC-028A-4FD9-83B9-1058DCCA9B68}"
EndProject
Global
	GlobalSection(SolutionConfigurationPlatforms) = preSolution
		Debug|Any CPU = Debug|Any CPU
		Release|Any CPU = Release|Any CPU
	EndGlobalSection
	GlobalSection(ProjectConfigurationPlatforms) = postSolution
		{1AF04AEC-028A-4FD9-83B9-1058DCCA9B68}.Debug|Any CPU.ActiveCfg = Debug|Any CPU
		{1AF04AEC-028A-4FD9-83B9-1058DCCA9B68}.Debug|Any CPU.Build.0 = Debug|Any CPU
		{1AF04AEC-028A-4FD9-83B9-1058DCCA9B68}.Release|Any CPU.ActiveCfg = Release|Any CPU
		{1AF04AEC-028A-4FD9-83B9-1058DCCA9B68}.Release|Any CPU.Build.0 = Release|Any CPU
	EndGlobalSection
	GlobalSection(SolutionProperties) = preSolution
		HideSolutionNode = FALSE
	EndGlobalSection
	GlobalSection(ExtensibilityGlobals) = postSolution
		SolutionGuid = {0E72A7CF-9471-445D-A722-E2BA7754B28A}
	EndGlobalSection
EndGlobal
