
Microsoft Visual Studio Solution File, Format Version 12.00
# Visual Studio Version 16
VisualStudioVersion = 16.0.30114.105
MinimumVisualStudioVersion = 10.0.40219.1
Project("{FAE04EC0-301F-11D3-BF4B-00C04F79EFBC}") = "PublicChannelMobileBinding", "PublicChannelMobileBinding\PublicChannelMobileBinding.csproj", "{FEC43043-607E-4CDA-9A43-FBDF7B78B029}"
EndProject
Global
	GlobalSection(SolutionConfigurationPlatforms) = preSolution
		Debug|Any CPU = Debug|Any CPU
		Release|Any CPU = Release|Any CPU
	EndGlobalSection
	GlobalSection(ProjectConfigurationPlatforms) = postSolution
		{FEC43043-607E-4CDA-9A43-FBDF7B78B029}.Debug|Any CPU.ActiveCfg = Debug|Any CPU
		{FEC43043-607E-4CDA-9A43-FBDF7B78B029}.Debug|Any CPU.Build.0 = Debug|Any CPU
		{FEC43043-607E-4CDA-9A43-FBDF7B78B029}.Release|Any CPU.ActiveCfg = Release|Any CPU
		{FEC43043-607E-4CDA-9A43-FBDF7B78B029}.Release|Any CPU.Build.0 = Release|Any CPU
	EndGlobalSection
	GlobalSection(SolutionProperties) = preSolution
		HideSolutionNode = FALSE
	EndGlobalSection
	GlobalSection(ExtensibilityGlobals) = postSolution
		SolutionGuid = {DF4893C4-707D-43B4-B80A-CF751DBFAFC5}
	EndGlobalSection
EndGlobal
