
Microsoft Visual Studio Solution File, Format Version 12.00
# Visual Studio Version 16
VisualStudioVersion = 16.0.30105.148
MinimumVisualStudioVersion = 10.0.40219.1
Project("{FAE04EC0-301F-11D3-BF4B-00C04F79EFBC}") = "PublicChannelGatewayBinding", "PublicChannelGatewayBinding.csproj", "{2939146C-569F-41FD-829C-115D537B2161}"
EndProject
Global
	GlobalSection(SolutionConfigurationPlatforms) = preSolution
		Debug|Any CPU = Debug|Any CPU
		Release|Any CPU = Release|Any CPU
	EndGlobalSection
	GlobalSection(ProjectConfigurationPlatforms) = postSolution
		{2939146C-569F-41FD-829C-115D537B2161}.Debug|Any CPU.ActiveCfg = Debug|Any CPU
		{2939146C-569F-41FD-829C-115D537B2161}.Debug|Any CPU.Build.0 = Debug|Any CPU
		{2939146C-569F-41FD-829C-115D537B2161}.Release|Any CPU.ActiveCfg = Release|Any CPU
		{2939146C-569F-41FD-829C-115D537B2161}.Release|Any CPU.Build.0 = Release|Any CPU
	EndGlobalSection
	GlobalSection(SolutionProperties) = preSolution
		HideSolutionNode = FALSE
	EndGlobalSection
	GlobalSection(ExtensibilityGlobals) = postSolution
		SolutionGuid = {E286BFAB-869A-4981-9722-F435DDBFB55C}
	EndGlobalSection
EndGlobal
